
Microsoft Visual Studio Solution File, Format Version 12.00
# Visual Studio Version 17
VisualStudioVersion = 17.12.35506.116
MinimumVisualStudioVersion = 10.0.40219.1
Project("{2150E333-8FDC-42A3-9474-1A3956D46DE8}") = "src", "src", "{C09741BE-B180-4D7A-A91F-09CDE0717173}"
EndProject
Project("{FAE04EC0-301F-11D3-BF4B-00C04F79EFBC}") = "Sample.DotNetAspire.AppHost", "src\Sample.DotNetAspire.AppHost\Sample.DotNetAspire.AppHost.csproj", "{5A24EED6-A133-418E-B9A2-9F3B4B840F27}"
EndProject
Project("{FAE04EC0-301F-11D3-BF4B-00C04F79EFBC}") = "Sample.DotNetAspire.ServiceDefaults", "src\Sample.DotNetAspire.ServiceDefaults\Sample.DotNetAspire.ServiceDefaults.csproj", "{78CAB46D-5E92-4FA8-B095-DD316772FF42}"
EndProject
Project("{FAE04EC0-301F-11D3-BF4B-00C04F79EFBC}") = "Sample.DotNetAspire.ApiService", "src\Sample.DotNetAspire.ApiService\Sample.DotNetAspire.ApiService.csproj", "{35D38803-FA48-4A10-A098-0C0C9C04C6F1}"
EndProject
Project("{FAE04EC0-301F-11D3-BF4B-00C04F79EFBC}") = "Sample.DotNetAspire.Shared", "src\Sample.DotNetAspire.Shared\Sample.DotNetAspire.Shared.csproj", "{C3735599-96D7-4FBA-8D24-48CFABFBA30C}"
EndProject
Project("{2150E333-8FDC-42A3-9474-1A3956D46DE8}") = "docker", "docker", "{8020EE92-F164-4754-A0E3-745246C9D7C8}"
EndProject
Global
	GlobalSection(SolutionConfigurationPlatforms) = preSolution
		Debug|Any CPU = Debug|Any CPU
		Release|Any CPU = Release|Any CPU
	EndGlobalSection
	GlobalSection(ProjectConfigurationPlatforms) = postSolution
		{5A24EED6-A133-418E-B9A2-9F3B4B840F27}.Debug|Any CPU.ActiveCfg = Debug|Any CPU
		{5A24EED6-A133-418E-B9A2-9F3B4B840F27}.Debug|Any CPU.Build.0 = Debug|Any CPU
		{5A24EED6-A133-418E-B9A2-9F3B4B840F27}.Release|Any CPU.ActiveCfg = Release|Any CPU
		{5A24EED6-A133-418E-B9A2-9F3B4B840F27}.Release|Any CPU.Build.0 = Release|Any CPU
		{78CAB46D-5E92-4FA8-B095-DD316772FF42}.Debug|Any CPU.ActiveCfg = Debug|Any CPU
		{78CAB46D-5E92-4FA8-B095-DD316772FF42}.Debug|Any CPU.Build.0 = Debug|Any CPU
		{78CAB46D-5E92-4FA8-B095-DD316772FF42}.Release|Any CPU.ActiveCfg = Release|Any CPU
		{78CAB46D-5E92-4FA8-B095-DD316772FF42}.Release|Any CPU.Build.0 = Release|Any CPU
		{35D38803-FA48-4A10-A098-0C0C9C04C6F1}.Debug|Any CPU.ActiveCfg = Debug|Any CPU
		{35D38803-FA48-4A10-A098-0C0C9C04C6F1}.Debug|Any CPU.Build.0 = Debug|Any CPU
		{35D38803-FA48-4A10-A098-0C0C9C04C6F1}.Release|Any CPU.ActiveCfg = Release|Any CPU
		{35D38803-FA48-4A10-A098-0C0C9C04C6F1}.Release|Any CPU.Build.0 = Release|Any CPU
		{C3735599-96D7-4FBA-8D24-48CFABFBA30C}.Debug|Any CPU.ActiveCfg = Debug|Any CPU
		{C3735599-96D7-4FBA-8D24-48CFABFBA30C}.Debug|Any CPU.Build.0 = Debug|Any CPU
		{C3735599-96D7-4FBA-8D24-48CFABFBA30C}.Release|Any CPU.ActiveCfg = Release|Any CPU
		{C3735599-96D7-4FBA-8D24-48CFABFBA30C}.Release|Any CPU.Build.0 = Release|Any CPU
	EndGlobalSection
	GlobalSection(SolutionProperties) = preSolution
		HideSolutionNode = FALSE
	EndGlobalSection
	GlobalSection(NestedProjects) = preSolution
		{5A24EED6-A133-418E-B9A2-9F3B4B840F27} = {C09741BE-B180-4D7A-A91F-09CDE0717173}
		{78CAB46D-5E92-4FA8-B095-DD316772FF42} = {C09741BE-B180-4D7A-A91F-09CDE0717173}
		{35D38803-FA48-4A10-A098-0C0C9C04C6F1} = {C09741BE-B180-4D7A-A91F-09CDE0717173}
		{C3735599-96D7-4FBA-8D24-48CFABFBA30C} = {C09741BE-B180-4D7A-A91F-09CDE0717173}
	EndGlobalSection
EndGlobal
